
Microsoft Visual Studio Solution File, Format Version 12.00
# Visual Studio Version 16
VisualStudioVersion = 16.0.30011.22
MinimumVisualStudioVersion = 10.0.40219.1
Project("{9A19103F-16F7-4668-BE54-9A1E7A4F7556}") = "FunctionAppCore3Nag1", "FunctionAppCore3Nag1\FunctionAppCore3Nag1.csproj", "{9C75D68C-B3CA-419A-B44A-B59928BE1D7C}"
EndProject
Project("{9A19103F-16F7-4668-BE54-9A1E7A4F7556}") = "Proxy", "Proxy\Proxy.csproj", "{CD537988-96CA-46DB-A733-192260165354}"
EndProject
Project("{FAE04EC0-301F-11D3-BF4B-00C04F79EFBC}") = "Services", "Services\Services.csproj", "{3E16286C-4CE9-4B82-BEB2-B25EAD221249}"
EndProject
Global
	GlobalSection(SolutionConfigurationPlatforms) = preSolution
		Debug|Any CPU = Debug|Any CPU
		Release|Any CPU = Release|Any CPU
	EndGlobalSection
	GlobalSection(ProjectConfigurationPlatforms) = postSolution
		{9C75D68C-B3CA-419A-B44A-B59928BE1D7C}.Debug|Any CPU.ActiveCfg = Debug|Any CPU
		{9C75D68C-B3CA-419A-B44A-B59928BE1D7C}.Debug|Any CPU.Build.0 = Debug|Any CPU
		{9C75D68C-B3CA-419A-B44A-B59928BE1D7C}.Release|Any CPU.ActiveCfg = Release|Any CPU
		{9C75D68C-B3CA-419A-B44A-B59928BE1D7C}.Release|Any CPU.Build.0 = Release|Any CPU
		{CD537988-96CA-46DB-A733-192260165354}.Debug|Any CPU.ActiveCfg = Debug|Any CPU
		{CD537988-96CA-46DB-A733-192260165354}.Debug|Any CPU.Build.0 = Debug|Any CPU
		{CD537988-96CA-46DB-A733-192260165354}.Release|Any CPU.ActiveCfg = Release|Any CPU
		{CD537988-96CA-46DB-A733-192260165354}.Release|Any CPU.Build.0 = Release|Any CPU
		{3E16286C-4CE9-4B82-BEB2-B25EAD221249}.Debug|Any CPU.ActiveCfg = Debug|Any CPU
		{3E16286C-4CE9-4B82-BEB2-B25EAD221249}.Debug|Any CPU.Build.0 = Debug|Any CPU
		{3E16286C-4CE9-4B82-BEB2-B25EAD221249}.Release|Any CPU.ActiveCfg = Release|Any CPU
		{3E16286C-4CE9-4B82-BEB2-B25EAD221249}.Release|Any CPU.Build.0 = Release|Any CPU
	EndGlobalSection
	GlobalSection(SolutionProperties) = preSolution
		HideSolutionNode = FALSE
	EndGlobalSection
	GlobalSection(ExtensibilityGlobals) = postSolution
		SolutionGuid = {939F8757-747C-42D1-834F-A5F6B6079C56}
	EndGlobalSection
EndGlobal
